
Microsoft Visual Studio Solution File, Format Version 12.00
# Visual Studio Version 17
VisualStudioVersion = 17.2.32516.85
MinimumVisualStudioVersion = 10.0.40219.1
Project("{FAE04EC0-301F-11D3-BF4B-00C04F79EFBC}") = "inclass5", "inclass5\inclass5.csproj", "{EFF52262-86B5-4799-83B9-3EB527EB6E90}"
EndProject
Global
	GlobalSection(SolutionConfigurationPlatforms) = preSolution
		Debug|Any CPU = Debug|Any CPU
		Release|Any CPU = Release|Any CPU
	EndGlobalSection
	GlobalSection(ProjectConfigurationPlatforms) = postSolution
		{EFF52262-86B5-4799-83B9-3EB527EB6E90}.Debug|Any CPU.ActiveCfg = Debug|Any CPU
		{EFF52262-86B5-4799-83B9-3EB527EB6E90}.Debug|Any CPU.Build.0 = Debug|Any CPU
		{EFF52262-86B5-4799-83B9-3EB527EB6E90}.Release|Any CPU.ActiveCfg = Release|Any CPU
		{EFF52262-86B5-4799-83B9-3EB527EB6E90}.Release|Any CPU.Build.0 = Release|Any CPU
	EndGlobalSection
	GlobalSection(SolutionProperties) = preSolution
		HideSolutionNode = FALSE
	EndGlobalSection
	GlobalSection(ExtensibilityGlobals) = postSolution
		SolutionGuid = {AC3547F9-401C-4C89-A951-7533D19DF5DC}
	EndGlobalSection
EndGlobal
